
Microsoft Visual Studio Solution File, Format Version 12.00
# Visual Studio 15
VisualStudioVersion = 15.0.28307.271
MinimumVisualStudioVersion = 10.0.40219.1
Project("{FAE04EC0-301F-11D3-BF4B-00C04F79EFBC}") = "McCommandsFramework", "McCommandsFramework\McCommandsFramework.csproj", "{B36B7627-76C0-42FA-8AD6-858A887A4C80}"
EndProject
Global
	GlobalSection(SolutionConfigurationPlatforms) = preSolution
		Debug|Any CPU = Debug|Any CPU
		Release|Any CPU = Release|Any CPU
	EndGlobalSection
	GlobalSection(ProjectConfigurationPlatforms) = postSolution
		{B36B7627-76C0-42FA-8AD6-858A887A4C80}.Debug|Any CPU.ActiveCfg = Debug|Any CPU
		{B36B7627-76C0-42FA-8AD6-858A887A4C80}.Debug|Any CPU.Build.0 = Debug|Any CPU
		{B36B7627-76C0-42FA-8AD6-858A887A4C80}.Release|Any CPU.ActiveCfg = Release|Any CPU
		{B36B7627-76C0-42FA-8AD6-858A887A4C80}.Release|Any CPU.Build.0 = Release|Any CPU
	EndGlobalSection
	GlobalSection(SolutionProperties) = preSolution
		HideSolutionNode = FALSE
	EndGlobalSection
	GlobalSection(ExtensibilityGlobals) = postSolution
		SolutionGuid = {DF2B5CFA-B3C1-410D-9DEE-06CADD70B838}
	EndGlobalSection
EndGlobal
